
Microsoft Visual Studio Solution File, Format Version 12.00
# Visual Studio Version 17
VisualStudioVersion = 17.0.31912.275
MinimumVisualStudioVersion = 10.0.40219.1
Project("{FAE04EC0-301F-11D3-BF4B-00C04F79EFBC}") = "AddressBookFileIo", "AddressBookFileIo\AddressBookFileIo.csproj", "{D278979C-1014-4D10-A567-AF7DF8E1BD31}"
EndProject
Global
	GlobalSection(SolutionConfigurationPlatforms) = preSolution
		Debug|Any CPU = Debug|Any CPU
		Release|Any CPU = Release|Any CPU
	EndGlobalSection
	GlobalSection(ProjectConfigurationPlatforms) = postSolution
		{D278979C-1014-4D10-A567-AF7DF8E1BD31}.Debug|Any CPU.ActiveCfg = Debug|Any CPU
		{D278979C-1014-4D10-A567-AF7DF8E1BD31}.Debug|Any CPU.Build.0 = Debug|Any CPU
		{D278979C-1014-4D10-A567-AF7DF8E1BD31}.Release|Any CPU.ActiveCfg = Release|Any CPU
		{D278979C-1014-4D10-A567-AF7DF8E1BD31}.Release|Any CPU.Build.0 = Release|Any CPU
	EndGlobalSection
	GlobalSection(SolutionProperties) = preSolution
		HideSolutionNode = FALSE
	EndGlobalSection
	GlobalSection(ExtensibilityGlobals) = postSolution
		SolutionGuid = {A8C23CF5-F114-4EB9-B53E-8568CF961ADC}
	EndGlobalSection
EndGlobal
